
Microsoft Visual Studio Solution File, Format Version 12.00
# Visual Studio Version 16
VisualStudioVersion = 16.0.32407.337
MinimumVisualStudioVersion = 10.0.40219.1
Project("{FAE04EC0-301F-11D3-BF4B-00C04F79EFBC}") = "FINAL Azure", "FINAL Azure\FINAL Azure.csproj", "{BBFA5888-47C5-46D1-810E-556600010684}"
EndProject
Global
	GlobalSection(SolutionConfigurationPlatforms) = preSolution
		Debug|Any CPU = Debug|Any CPU
		Release|Any CPU = Release|Any CPU
	EndGlobalSection
	GlobalSection(ProjectConfigurationPlatforms) = postSolution
		{BBFA5888-47C5-46D1-810E-556600010684}.Debug|Any CPU.ActiveCfg = Debug|Any CPU
		{BBFA5888-47C5-46D1-810E-556600010684}.Debug|Any CPU.Build.0 = Debug|Any CPU
		{BBFA5888-47C5-46D1-810E-556600010684}.Release|Any CPU.ActiveCfg = Release|Any CPU
		{BBFA5888-47C5-46D1-810E-556600010684}.Release|Any CPU.Build.0 = Release|Any CPU
	EndGlobalSection
	GlobalSection(SolutionProperties) = preSolution
		HideSolutionNode = FALSE
	EndGlobalSection
	GlobalSection(ExtensibilityGlobals) = postSolution
		SolutionGuid = {3029CED3-862C-4641-A574-8817BD568997}
	EndGlobalSection
EndGlobal
